
Microsoft Visual Studio Solution File, Format Version 12.00
# Visual Studio 15
VisualStudioVersion = 15.0.26730.12
MinimumVisualStudioVersion = 10.0.40219.1
Project("{F184B08F-C81C-45F6-A57F-5ABD9991F28F}") = "Exercise 3", "Exercise 3\Exercise 3.vbproj", "{76A0057D-7647-4EF3-A6E7-3DE8A24A18C7}"
EndProject
Global
	GlobalSection(SolutionConfigurationPlatforms) = preSolution
		Debug|Any CPU = Debug|Any CPU
		Release|Any CPU = Release|Any CPU
	EndGlobalSection
	GlobalSection(ProjectConfigurationPlatforms) = postSolution
		{76A0057D-7647-4EF3-A6E7-3DE8A24A18C7}.Debug|Any CPU.ActiveCfg = Debug|Any CPU
		{76A0057D-7647-4EF3-A6E7-3DE8A24A18C7}.Debug|Any CPU.Build.0 = Debug|Any CPU
		{76A0057D-7647-4EF3-A6E7-3DE8A24A18C7}.Release|Any CPU.ActiveCfg = Release|Any CPU
		{76A0057D-7647-4EF3-A6E7-3DE8A24A18C7}.Release|Any CPU.Build.0 = Release|Any CPU
	EndGlobalSection
	GlobalSection(SolutionProperties) = preSolution
		HideSolutionNode = FALSE
	EndGlobalSection
	GlobalSection(ExtensibilityGlobals) = postSolution
		SolutionGuid = {2CBA700B-2A74-455D-A30F-A6E0E09DE8CE}
	EndGlobalSection
EndGlobal
