
Microsoft Visual Studio Solution File, Format Version 12.00
# Visual Studio 15
VisualStudioVersion = 15.0.26730.12
MinimumVisualStudioVersion = 10.0.40219.1
Project("{F184B08F-C81C-45F6-A57F-5ABD9991F28F}") = "exercise 3 Printing", "exercise 3 Printing\exercise 3 Printing.vbproj", "{793C427D-394D-46AF-8AB8-83FE64ABE40C}"
EndProject
Global
	GlobalSection(SolutionConfigurationPlatforms) = preSolution
		Debug|Any CPU = Debug|Any CPU
		Release|Any CPU = Release|Any CPU
	EndGlobalSection
	GlobalSection(ProjectConfigurationPlatforms) = postSolution
		{793C427D-394D-46AF-8AB8-83FE64ABE40C}.Debug|Any CPU.ActiveCfg = Debug|Any CPU
		{793C427D-394D-46AF-8AB8-83FE64ABE40C}.Debug|Any CPU.Build.0 = Debug|Any CPU
		{793C427D-394D-46AF-8AB8-83FE64ABE40C}.Release|Any CPU.ActiveCfg = Release|Any CPU
		{793C427D-394D-46AF-8AB8-83FE64ABE40C}.Release|Any CPU.Build.0 = Release|Any CPU
	EndGlobalSection
	GlobalSection(SolutionProperties) = preSolution
		HideSolutionNode = FALSE
	EndGlobalSection
	GlobalSection(ExtensibilityGlobals) = postSolution
		SolutionGuid = {24B45F47-56FB-49F7-9951-0968B1C813A6}
	EndGlobalSection
EndGlobal
