
Microsoft Visual Studio Solution File, Format Version 12.00
# Visual Studio 15
VisualStudioVersion = 15.0.26730.12
MinimumVisualStudioVersion = 10.0.40219.1
Project("{F184B08F-C81C-45F6-A57F-5ABD9991F28F}") = "Morning To Do", "Morning To Do\Morning To Do.vbproj", "{A4D3CD4D-9CAC-48EC-AC07-F60CCC01CD6A}"
EndProject
Global
	GlobalSection(SolutionConfigurationPlatforms) = preSolution
		Debug|Any CPU = Debug|Any CPU
		Release|Any CPU = Release|Any CPU
	EndGlobalSection
	GlobalSection(ProjectConfigurationPlatforms) = postSolution
		{A4D3CD4D-9CAC-48EC-AC07-F60CCC01CD6A}.Debug|Any CPU.ActiveCfg = Debug|Any CPU
		{A4D3CD4D-9CAC-48EC-AC07-F60CCC01CD6A}.Debug|Any CPU.Build.0 = Debug|Any CPU
		{A4D3CD4D-9CAC-48EC-AC07-F60CCC01CD6A}.Release|Any CPU.ActiveCfg = Release|Any CPU
		{A4D3CD4D-9CAC-48EC-AC07-F60CCC01CD6A}.Release|Any CPU.Build.0 = Release|Any CPU
	EndGlobalSection
	GlobalSection(SolutionProperties) = preSolution
		HideSolutionNode = FALSE
	EndGlobalSection
	GlobalSection(ExtensibilityGlobals) = postSolution
		SolutionGuid = {C5EC7DB1-B682-4DD2-BE25-BD67E7CEE6EB}
	EndGlobalSection
EndGlobal
