
Microsoft Visual Studio Solution File, Format Version 12.00
# Visual Studio 15
VisualStudioVersion = 15.0.26730.12
MinimumVisualStudioVersion = 10.0.40219.1
Project("{F184B08F-C81C-45F6-A57F-5ABD9991F28F}") = "variabels constant class demo", "variabels constant class demo\variabels constant class demo.vbproj", "{F0F0DBC7-EE4C-405D-B9E8-3DDA630381F6}"
EndProject
Global
	GlobalSection(SolutionConfigurationPlatforms) = preSolution
		Debug|Any CPU = Debug|Any CPU
		Release|Any CPU = Release|Any CPU
	EndGlobalSection
	GlobalSection(ProjectConfigurationPlatforms) = postSolution
		{F0F0DBC7-EE4C-405D-B9E8-3DDA630381F6}.Debug|Any CPU.ActiveCfg = Debug|Any CPU
		{F0F0DBC7-EE4C-405D-B9E8-3DDA630381F6}.Debug|Any CPU.Build.0 = Debug|Any CPU
		{F0F0DBC7-EE4C-405D-B9E8-3DDA630381F6}.Release|Any CPU.ActiveCfg = Release|Any CPU
		{F0F0DBC7-EE4C-405D-B9E8-3DDA630381F6}.Release|Any CPU.Build.0 = Release|Any CPU
	EndGlobalSection
	GlobalSection(SolutionProperties) = preSolution
		HideSolutionNode = FALSE
	EndGlobalSection
	GlobalSection(ExtensibilityGlobals) = postSolution
		SolutionGuid = {59C0C6C0-4D7B-45C3-9E9C-D3D611991981}
	EndGlobalSection
EndGlobal
