
Microsoft Visual Studio Solution File, Format Version 12.00
# Visual Studio 15
VisualStudioVersion = 15.0.26730.12
MinimumVisualStudioVersion = 10.0.40219.1
Project("{F184B08F-C81C-45F6-A57F-5ABD9991F28F}") = "Exercise 9", "Exercise 9\Exercise 9.vbproj", "{11D10993-D8A0-4BCE-ADCE-AEB54B7D3763}"
EndProject
Global
	GlobalSection(SolutionConfigurationPlatforms) = preSolution
		Debug|Any CPU = Debug|Any CPU
		Release|Any CPU = Release|Any CPU
	EndGlobalSection
	GlobalSection(ProjectConfigurationPlatforms) = postSolution
		{11D10993-D8A0-4BCE-ADCE-AEB54B7D3763}.Debug|Any CPU.ActiveCfg = Debug|Any CPU
		{11D10993-D8A0-4BCE-ADCE-AEB54B7D3763}.Debug|Any CPU.Build.0 = Debug|Any CPU
		{11D10993-D8A0-4BCE-ADCE-AEB54B7D3763}.Release|Any CPU.ActiveCfg = Release|Any CPU
		{11D10993-D8A0-4BCE-ADCE-AEB54B7D3763}.Release|Any CPU.Build.0 = Release|Any CPU
	EndGlobalSection
	GlobalSection(SolutionProperties) = preSolution
		HideSolutionNode = FALSE
	EndGlobalSection
	GlobalSection(ExtensibilityGlobals) = postSolution
		SolutionGuid = {0B4393A0-8A7A-4CE2-860E-2A44AEDF1A5D}
	EndGlobalSection
EndGlobal
