
Microsoft Visual Studio Solution File, Format Version 12.00
# Visual Studio 15
VisualStudioVersion = 15.0.26730.12
MinimumVisualStudioVersion = 10.0.40219.1
Project("{F184B08F-C81C-45F6-A57F-5ABD9991F28F}") = "Review Draw Shapes", "Review Draw Shapes\Review Draw Shapes.vbproj", "{63693BBE-6F50-4D0E-8B2F-4FAFB2C61A83}"
EndProject
Global
	GlobalSection(SolutionConfigurationPlatforms) = preSolution
		Debug|Any CPU = Debug|Any CPU
		Release|Any CPU = Release|Any CPU
	EndGlobalSection
	GlobalSection(ProjectConfigurationPlatforms) = postSolution
		{63693BBE-6F50-4D0E-8B2F-4FAFB2C61A83}.Debug|Any CPU.ActiveCfg = Debug|Any CPU
		{63693BBE-6F50-4D0E-8B2F-4FAFB2C61A83}.Debug|Any CPU.Build.0 = Debug|Any CPU
		{63693BBE-6F50-4D0E-8B2F-4FAFB2C61A83}.Release|Any CPU.ActiveCfg = Release|Any CPU
		{63693BBE-6F50-4D0E-8B2F-4FAFB2C61A83}.Release|Any CPU.Build.0 = Release|Any CPU
	EndGlobalSection
	GlobalSection(SolutionProperties) = preSolution
		HideSolutionNode = FALSE
	EndGlobalSection
	GlobalSection(ExtensibilityGlobals) = postSolution
		SolutionGuid = {FA56C068-7ED0-49F3-9288-5C7D56C331B7}
	EndGlobalSection
EndGlobal
