
Microsoft Visual Studio Solution File, Format Version 12.00
# Visual Studio 15
VisualStudioVersion = 15.0.26730.12
MinimumVisualStudioVersion = 10.0.40219.1
Project("{F184B08F-C81C-45F6-A57F-5ABD9991F28F}") = "Practice Case 1", "Practice Case 1\Practice Case 1.vbproj", "{A756C9FB-109C-406E-ADBC-6F8F8FABD746}"
EndProject
Global
	GlobalSection(SolutionConfigurationPlatforms) = preSolution
		Debug|Any CPU = Debug|Any CPU
		Release|Any CPU = Release|Any CPU
	EndGlobalSection
	GlobalSection(ProjectConfigurationPlatforms) = postSolution
		{A756C9FB-109C-406E-ADBC-6F8F8FABD746}.Debug|Any CPU.ActiveCfg = Debug|Any CPU
		{A756C9FB-109C-406E-ADBC-6F8F8FABD746}.Debug|Any CPU.Build.0 = Debug|Any CPU
		{A756C9FB-109C-406E-ADBC-6F8F8FABD746}.Release|Any CPU.ActiveCfg = Release|Any CPU
		{A756C9FB-109C-406E-ADBC-6F8F8FABD746}.Release|Any CPU.Build.0 = Release|Any CPU
	EndGlobalSection
	GlobalSection(SolutionProperties) = preSolution
		HideSolutionNode = FALSE
	EndGlobalSection
	GlobalSection(ExtensibilityGlobals) = postSolution
		SolutionGuid = {EFFE9094-8456-4F84-833E-26E44B728C67}
	EndGlobalSection
EndGlobal
