
Microsoft Visual Studio Solution File, Format Version 12.00
# Visual Studio 15
VisualStudioVersion = 15.0.26730.12
MinimumVisualStudioVersion = 10.0.40219.1
Project("{F184B08F-C81C-45F6-A57F-5ABD9991F28F}") = "Exercise 7 Change", "Exercise 7 Change\Exercise 7 Change.vbproj", "{8908EE3A-2CD7-4B60-9ADC-8007524AD555}"
EndProject
Global
	GlobalSection(SolutionConfigurationPlatforms) = preSolution
		Debug|Any CPU = Debug|Any CPU
		Release|Any CPU = Release|Any CPU
	EndGlobalSection
	GlobalSection(ProjectConfigurationPlatforms) = postSolution
		{8908EE3A-2CD7-4B60-9ADC-8007524AD555}.Debug|Any CPU.ActiveCfg = Debug|Any CPU
		{8908EE3A-2CD7-4B60-9ADC-8007524AD555}.Debug|Any CPU.Build.0 = Debug|Any CPU
		{8908EE3A-2CD7-4B60-9ADC-8007524AD555}.Release|Any CPU.ActiveCfg = Release|Any CPU
		{8908EE3A-2CD7-4B60-9ADC-8007524AD555}.Release|Any CPU.Build.0 = Release|Any CPU
	EndGlobalSection
	GlobalSection(SolutionProperties) = preSolution
		HideSolutionNode = FALSE
	EndGlobalSection
	GlobalSection(ExtensibilityGlobals) = postSolution
		SolutionGuid = {B2928BA8-057B-4202-9324-BA4C709EB523}
	EndGlobalSection
EndGlobal
