
Microsoft Visual Studio Solution File, Format Version 12.00
# Visual Studio 15
VisualStudioVersion = 15.0.26730.12
MinimumVisualStudioVersion = 10.0.40219.1
Project("{F184B08F-C81C-45F6-A57F-5ABD9991F28F}") = "Text Grade part 1 of 5", "Text Grade part 1 of 5\Text Grade part 1 of 5.vbproj", "{62A5294B-04AA-4AA0-9CE3-BF669B835DE4}"
EndProject
Global
	GlobalSection(SolutionConfigurationPlatforms) = preSolution
		Debug|Any CPU = Debug|Any CPU
		Release|Any CPU = Release|Any CPU
	EndGlobalSection
	GlobalSection(ProjectConfigurationPlatforms) = postSolution
		{62A5294B-04AA-4AA0-9CE3-BF669B835DE4}.Debug|Any CPU.ActiveCfg = Debug|Any CPU
		{62A5294B-04AA-4AA0-9CE3-BF669B835DE4}.Debug|Any CPU.Build.0 = Debug|Any CPU
		{62A5294B-04AA-4AA0-9CE3-BF669B835DE4}.Release|Any CPU.ActiveCfg = Release|Any CPU
		{62A5294B-04AA-4AA0-9CE3-BF669B835DE4}.Release|Any CPU.Build.0 = Release|Any CPU
	EndGlobalSection
	GlobalSection(SolutionProperties) = preSolution
		HideSolutionNode = FALSE
	EndGlobalSection
	GlobalSection(ExtensibilityGlobals) = postSolution
		SolutionGuid = {F35AD6A2-00C1-4C7E-B034-1AD5781DE97B}
	EndGlobalSection
EndGlobal
