
Microsoft Visual Studio Solution File, Format Version 12.00
# Visual Studio 15
VisualStudioVersion = 15.0.26730.12
MinimumVisualStudioVersion = 10.0.40219.1
Project("{F184B08F-C81C-45F6-A57F-5ABD9991F28F}") = "Review Average Score", "Review Average Score\Review Average Score.vbproj", "{32C590FE-13D8-49FF-BC62-6A268AAEAA65}"
EndProject
Project("{F184B08F-C81C-45F6-A57F-5ABD9991F28F}") = "Case1", "..\Case1\Case1\Case1.vbproj", "{EE07E709-BF38-4DEE-AA7B-058DF3F6A25D}"
EndProject
Global
	GlobalSection(SolutionConfigurationPlatforms) = preSolution
		Debug|Any CPU = Debug|Any CPU
		Release|Any CPU = Release|Any CPU
	EndGlobalSection
	GlobalSection(ProjectConfigurationPlatforms) = postSolution
		{32C590FE-13D8-49FF-BC62-6A268AAEAA65}.Debug|Any CPU.ActiveCfg = Debug|Any CPU
		{32C590FE-13D8-49FF-BC62-6A268AAEAA65}.Debug|Any CPU.Build.0 = Debug|Any CPU
		{32C590FE-13D8-49FF-BC62-6A268AAEAA65}.Release|Any CPU.ActiveCfg = Release|Any CPU
		{32C590FE-13D8-49FF-BC62-6A268AAEAA65}.Release|Any CPU.Build.0 = Release|Any CPU
		{EE07E709-BF38-4DEE-AA7B-058DF3F6A25D}.Debug|Any CPU.ActiveCfg = Debug|Any CPU
		{EE07E709-BF38-4DEE-AA7B-058DF3F6A25D}.Debug|Any CPU.Build.0 = Debug|Any CPU
		{EE07E709-BF38-4DEE-AA7B-058DF3F6A25D}.Release|Any CPU.ActiveCfg = Release|Any CPU
		{EE07E709-BF38-4DEE-AA7B-058DF3F6A25D}.Release|Any CPU.Build.0 = Release|Any CPU
	EndGlobalSection
	GlobalSection(SolutionProperties) = preSolution
		HideSolutionNode = FALSE
	EndGlobalSection
	GlobalSection(ExtensibilityGlobals) = postSolution
		SolutionGuid = {C72A9E2A-E89D-4564-B464-402559906CE7}
	EndGlobalSection
EndGlobal
